
Microsoft Visual Studio Solution File, Format Version 12.00
# Visual Studio 2015
Project("{FAE04EC0-301F-11D3-BF4B-00C04F79EFBC}") = "SofiaGameJam2017.CSharp.Plugins", "SofiaGameJam2017.CSharp.Plugins.csproj", "{2718B032-6EB5-6DAE-99FF-D1861AD1F1F1}"
EndProject
Project("{FAE04EC0-301F-11D3-BF4B-00C04F79EFBC}") = "SofiaGameJam2017.CSharp", "SofiaGameJam2017.CSharp.csproj", "{FEFF32F6-D854-F0CD-676A-327E0C5DB468}"
EndProject
Project("{FAE04EC0-301F-11D3-BF4B-00C04F79EFBC}") = "SofiaGameJam2017.CSharp.Editor.Plugins", "SofiaGameJam2017.CSharp.Editor.Plugins.csproj", "{7CC91C1E-6A84-4BEB-E02F-871119C21B34}"
EndProject
Global
	GlobalSection(SolutionConfigurationPlatforms) = preSolution
		Debug|Any CPU = Debug|Any CPU
		Release|Any CPU = Release|Any CPU
	EndGlobalSection
	GlobalSection(ProjectConfigurationPlatforms) = postSolution
		{2718B032-6EB5-6DAE-99FF-D1861AD1F1F1}.Debug|Any CPU.ActiveCfg = Debug|Any CPU
		{2718B032-6EB5-6DAE-99FF-D1861AD1F1F1}.Debug|Any CPU.Build.0 = Debug|Any CPU
		{2718B032-6EB5-6DAE-99FF-D1861AD1F1F1}.Release|Any CPU.ActiveCfg = Release|Any CPU
		{2718B032-6EB5-6DAE-99FF-D1861AD1F1F1}.Release|Any CPU.Build.0 = Release|Any CPU
		{FEFF32F6-D854-F0CD-676A-327E0C5DB468}.Debug|Any CPU.ActiveCfg = Debug|Any CPU
		{FEFF32F6-D854-F0CD-676A-327E0C5DB468}.Debug|Any CPU.Build.0 = Debug|Any CPU
		{FEFF32F6-D854-F0CD-676A-327E0C5DB468}.Release|Any CPU.ActiveCfg = Release|Any CPU
		{FEFF32F6-D854-F0CD-676A-327E0C5DB468}.Release|Any CPU.Build.0 = Release|Any CPU
		{7CC91C1E-6A84-4BEB-E02F-871119C21B34}.Debug|Any CPU.ActiveCfg = Debug|Any CPU
		{7CC91C1E-6A84-4BEB-E02F-871119C21B34}.Debug|Any CPU.Build.0 = Debug|Any CPU
		{7CC91C1E-6A84-4BEB-E02F-871119C21B34}.Release|Any CPU.ActiveCfg = Release|Any CPU
		{7CC91C1E-6A84-4BEB-E02F-871119C21B34}.Release|Any CPU.Build.0 = Release|Any CPU
	EndGlobalSection
	GlobalSection(SolutionProperties) = preSolution
		HideSolutionNode = FALSE
	EndGlobalSection
EndGlobal
